
Microsoft Visual Studio Solution File, Format Version 12.00
# Visual Studio 15
VisualStudioVersion = 15.0.28307.1169
MinimumVisualStudioVersion = 10.0.40219.1
Project("{FAE04EC0-301F-11D3-BF4B-00C04F79EFBC}") = "CG_Assignement01", "CG_Assignement01\CG_Assignement01.csproj", "{46984665-1581-473E-8D6F-5F79A03EA5FF}"
EndProject
Global
	GlobalSection(SolutionConfigurationPlatforms) = preSolution
		Debug|Any CPU = Debug|Any CPU
		Release|Any CPU = Release|Any CPU
	EndGlobalSection
	GlobalSection(ProjectConfigurationPlatforms) = postSolution
		{46984665-1581-473E-8D6F-5F79A03EA5FF}.Debug|Any CPU.ActiveCfg = Debug|Any CPU
		{46984665-1581-473E-8D6F-5F79A03EA5FF}.Debug|Any CPU.Build.0 = Debug|Any CPU
		{46984665-1581-473E-8D6F-5F79A03EA5FF}.Release|Any CPU.ActiveCfg = Release|Any CPU
		{46984665-1581-473E-8D6F-5F79A03EA5FF}.Release|Any CPU.Build.0 = Release|Any CPU
	EndGlobalSection
	GlobalSection(SolutionProperties) = preSolution
		HideSolutionNode = FALSE
	EndGlobalSection
	GlobalSection(ExtensibilityGlobals) = postSolution
		SolutionGuid = {4BE2F3F0-4C75-45FA-8BC6-4E4E8BC3C91A}
	EndGlobalSection
EndGlobal
